
Microsoft Visual Studio Solution File, Format Version 12.00
# Visual Studio Version 17
VisualStudioVersion = 17.13.36105.23
MinimumVisualStudioVersion = 10.0.40219.1
Project("{FAE04EC0-301F-11D3-BF4B-00C04F79EFBC}") = "Hawkesbury.Example", "Hawkesbury.Example\Hawkesbury.Example.csproj", "{6887015D-2421-49F6-A5D9-388E3725EAB9}"
EndProject
Project("{FAE04EC0-301F-11D3-BF4B-00C04F79EFBC}") = "Hawkesbury.Core", "Hawkesbury.Core\Hawkesbury.Core.csproj", "{A475B882-B896-43FE-BFA3-091F0C7F804A}"
EndProject
Global
	GlobalSection(SolutionConfigurationPlatforms) = preSolution
		Debug|Any CPU = Debug|Any CPU
		Release|Any CPU = Release|Any CPU
	EndGlobalSection
	GlobalSection(ProjectConfigurationPlatforms) = postSolution
		{6887015D-2421-49F6-A5D9-388E3725EAB9}.Debug|Any CPU.ActiveCfg = Debug|Any CPU
		{6887015D-2421-49F6-A5D9-388E3725EAB9}.Debug|Any CPU.Build.0 = Debug|Any CPU
		{6887015D-2421-49F6-A5D9-388E3725EAB9}.Release|Any CPU.ActiveCfg = Release|Any CPU
		{6887015D-2421-49F6-A5D9-388E3725EAB9}.Release|Any CPU.Build.0 = Release|Any CPU
		{A475B882-B896-43FE-BFA3-091F0C7F804A}.Debug|Any CPU.ActiveCfg = Debug|Any CPU
		{A475B882-B896-43FE-BFA3-091F0C7F804A}.Debug|Any CPU.Build.0 = Debug|Any CPU
		{A475B882-B896-43FE-BFA3-091F0C7F804A}.Release|Any CPU.ActiveCfg = Release|Any CPU
		{A475B882-B896-43FE-BFA3-091F0C7F804A}.Release|Any CPU.Build.0 = Release|Any CPU
	EndGlobalSection
	GlobalSection(SolutionProperties) = preSolution
		HideSolutionNode = FALSE
	EndGlobalSection
	GlobalSection(ExtensibilityGlobals) = postSolution
		SolutionGuid = {7CC602C5-27E4-40E5-B7E3-653D2FDFB4B5}
	EndGlobalSection
EndGlobal
